
Microsoft Visual Studio Solution File, Format Version 12.00
# Visual Studio Version 16
VisualStudioVersion = 16.0.32929.386
MinimumVisualStudioVersion = 10.0.40219.1
Project("{8BC9CEB8-8B4A-11D0-8D11-00A0C91BC942}") = "Problem11", "Problem11\Problem11.vcxproj", "{DF05671A-D5BE-49B7-85D3-0F3AE206AFA2}"
EndProject
Global
	GlobalSection(SolutionConfigurationPlatforms) = preSolution
		Debug|x64 = Debug|x64
		Debug|x86 = Debug|x86
		Release|x64 = Release|x64
		Release|x86 = Release|x86
	EndGlobalSection
	GlobalSection(ProjectConfigurationPlatforms) = postSolution
		{DF05671A-D5BE-49B7-85D3-0F3AE206AFA2}.Debug|x64.ActiveCfg = Debug|x64
		{DF05671A-D5BE-49B7-85D3-0F3AE206AFA2}.Debug|x64.Build.0 = Debug|x64
		{DF05671A-D5BE-49B7-85D3-0F3AE206AFA2}.Debug|x86.ActiveCfg = Debug|Win32
		{DF05671A-D5BE-49B7-85D3-0F3AE206AFA2}.Debug|x86.Build.0 = Debug|Win32
		{DF05671A-D5BE-49B7-85D3-0F3AE206AFA2}.Release|x64.ActiveCfg = Release|x64
		{DF05671A-D5BE-49B7-85D3-0F3AE206AFA2}.Release|x64.Build.0 = Release|x64
		{DF05671A-D5BE-49B7-85D3-0F3AE206AFA2}.Release|x86.ActiveCfg = Release|Win32
		{DF05671A-D5BE-49B7-85D3-0F3AE206AFA2}.Release|x86.Build.0 = Release|Win32
	EndGlobalSection
	GlobalSection(SolutionProperties) = preSolution
		HideSolutionNode = FALSE
	EndGlobalSection
	GlobalSection(ExtensibilityGlobals) = postSolution
		SolutionGuid = {5ABB3C79-8368-4A14-BB0E-55B70E47BA35}
	EndGlobalSection
EndGlobal
