
Microsoft Visual Studio Solution File, Format Version 12.00
# Visual Studio Version 16
VisualStudioVersion = 16.0.32929.386
MinimumVisualStudioVersion = 10.0.40219.1
Project("{8BC9CEB8-8B4A-11D0-8D11-00A0C91BC942}") = "SchoolTextsExam", "SchoolTextsExam\SchoolTextsExam.vcxproj", "{446F015A-F706-459E-B887-FE13BA1525A8}"
EndProject
Global
	GlobalSection(SolutionConfigurationPlatforms) = preSolution
		Debug|x64 = Debug|x64
		Debug|x86 = Debug|x86
		Release|x64 = Release|x64
		Release|x86 = Release|x86
	EndGlobalSection
	GlobalSection(ProjectConfigurationPlatforms) = postSolution
		{446F015A-F706-459E-B887-FE13BA1525A8}.Debug|x64.ActiveCfg = Debug|x64
		{446F015A-F706-459E-B887-FE13BA1525A8}.Debug|x64.Build.0 = Debug|x64
		{446F015A-F706-459E-B887-FE13BA1525A8}.Debug|x86.ActiveCfg = Debug|Win32
		{446F015A-F706-459E-B887-FE13BA1525A8}.Debug|x86.Build.0 = Debug|Win32
		{446F015A-F706-459E-B887-FE13BA1525A8}.Release|x64.ActiveCfg = Release|x64
		{446F015A-F706-459E-B887-FE13BA1525A8}.Release|x64.Build.0 = Release|x64
		{446F015A-F706-459E-B887-FE13BA1525A8}.Release|x86.ActiveCfg = Release|Win32
		{446F015A-F706-459E-B887-FE13BA1525A8}.Release|x86.Build.0 = Release|Win32
	EndGlobalSection
	GlobalSection(SolutionProperties) = preSolution
		HideSolutionNode = FALSE
	EndGlobalSection
	GlobalSection(ExtensibilityGlobals) = postSolution
		SolutionGuid = {54F71555-9528-4DE7-A44A-B8B8A138521A}
	EndGlobalSection
EndGlobal
